
Microsoft Visual Studio Solution File, Format Version 12.00
# Visual Studio Version 16
VisualStudioVersion = 16.0.31205.134
MinimumVisualStudioVersion = 10.0.40219.1
Project("{9A19103F-16F7-4668-BE54-9A1E7A4F7556}") = "Haidelberg.Vehicles.WebApp", "Haidelberg.Vehicles.WebApp\Haidelberg.Vehicles.WebApp.csproj", "{E3996C28-D889-4B2B-886E-0054AC34B2DA}"
EndProject
Project("{9A19103F-16F7-4668-BE54-9A1E7A4F7556}") = "Haidelberg.Vehicles.DataAccess.EF", "Haidelberg.Vehicles.DataAccess.EF\Haidelberg.Vehicles.DataAccess.EF.csproj", "{3ACADC37-1A50-4190-9CB7-39913D48D466}"
EndProject
Project("{9A19103F-16F7-4668-BE54-9A1E7A4F7556}") = "Haidelberg.Vehicles.DataLayer", "Haidelberg.Vehicles.DataLayer\Haidelberg.Vehicles.DataLayer.csproj", "{DC4F9EED-9D5D-4C85-B788-AE205D417AEE}"
EndProject
Project("{9A19103F-16F7-4668-BE54-9A1E7A4F7556}") = "Haidelberg.Vehicles.BusinessLayer", "Haidelberg.Vehicles.BusinessLayer\Haidelberg.Vehicles.BusinessLayer.csproj", "{5A662828-DAC1-4C47-9561-C6BECCF9B56B}"
EndProject
Project("{9A19103F-16F7-4668-BE54-9A1E7A4F7556}") = "Haidelberg.Vehicles.BusinessLayer.Abstractions", "Haidelberg.Vehicles.BusinessLayer.Abstractions\Haidelberg.Vehicles.BusinessLayer.Abstractions.csproj", "{44C3D44B-1265-4284-9866-7D94AFB3388C}"
EndProject
Project("{9A19103F-16F7-4668-BE54-9A1E7A4F7556}") = "DependencyInjection", "DependencyInjection\DependencyInjection.csproj", "{3677E949-60DD-48F1-8F66-B32629BD2E92}"
EndProject
Project("{9A19103F-16F7-4668-BE54-9A1E7A4F7556}") = "InversionOfControl", "InversionOfControl\InversionOfControl.csproj", "{461E4EB0-2192-42B3-B9E5-F3CAB25CDCD0}"
EndProject
Project("{2150E333-8FDC-42A3-9474-1A3956D46DE8}") = "Demos", "Demos", "{0C65DCEA-8732-4936-A180-92B1D9E5741C}"
EndProject
Project("{2150E333-8FDC-42A3-9474-1A3956D46DE8}") = "Src", "Src", "{AF679C0E-C4F6-4E0C-8154-8F49C88F3C11}"
EndProject
Project("{FAE04EC0-301F-11D3-BF4B-00C04F79EFBC}") = "LoggingDemo", "LoggingDemo\LoggingDemo.csproj", "{5D317F58-F9F7-4774-8928-FC96B05C83F1}"
EndProject
Global
	GlobalSection(SolutionConfigurationPlatforms) = preSolution
		Debug|Any CPU = Debug|Any CPU
		Release|Any CPU = Release|Any CPU
	EndGlobalSection
	GlobalSection(ProjectConfigurationPlatforms) = postSolution
		{E3996C28-D889-4B2B-886E-0054AC34B2DA}.Debug|Any CPU.ActiveCfg = Debug|Any CPU
		{E3996C28-D889-4B2B-886E-0054AC34B2DA}.Debug|Any CPU.Build.0 = Debug|Any CPU
		{E3996C28-D889-4B2B-886E-0054AC34B2DA}.Release|Any CPU.ActiveCfg = Release|Any CPU
		{E3996C28-D889-4B2B-886E-0054AC34B2DA}.Release|Any CPU.Build.0 = Release|Any CPU
		{3ACADC37-1A50-4190-9CB7-39913D48D466}.Debug|Any CPU.ActiveCfg = Debug|Any CPU
		{3ACADC37-1A50-4190-9CB7-39913D48D466}.Debug|Any CPU.Build.0 = Debug|Any CPU
		{3ACADC37-1A50-4190-9CB7-39913D48D466}.Release|Any CPU.ActiveCfg = Release|Any CPU
		{3ACADC37-1A50-4190-9CB7-39913D48D466}.Release|Any CPU.Build.0 = Release|Any CPU
		{DC4F9EED-9D5D-4C85-B788-AE205D417AEE}.Debug|Any CPU.ActiveCfg = Debug|Any CPU
		{DC4F9EED-9D5D-4C85-B788-AE205D417AEE}.Debug|Any CPU.Build.0 = Debug|Any CPU
		{DC4F9EED-9D5D-4C85-B788-AE205D417AEE}.Release|Any CPU.ActiveCfg = Release|Any CPU
		{DC4F9EED-9D5D-4C85-B788-AE205D417AEE}.Release|Any CPU.Build.0 = Release|Any CPU
		{5A662828-DAC1-4C47-9561-C6BECCF9B56B}.Debug|Any CPU.ActiveCfg = Debug|Any CPU
		{5A662828-DAC1-4C47-9561-C6BECCF9B56B}.Debug|Any CPU.Build.0 = Debug|Any CPU
		{5A662828-DAC1-4C47-9561-C6BECCF9B56B}.Release|Any CPU.ActiveCfg = Release|Any CPU
		{5A662828-DAC1-4C47-9561-C6BECCF9B56B}.Release|Any CPU.Build.0 = Release|Any CPU
		{44C3D44B-1265-4284-9866-7D94AFB3388C}.Debug|Any CPU.ActiveCfg = Debug|Any CPU
		{44C3D44B-1265-4284-9866-7D94AFB3388C}.Debug|Any CPU.Build.0 = Debug|Any CPU
		{44C3D44B-1265-4284-9866-7D94AFB3388C}.Release|Any CPU.ActiveCfg = Release|Any CPU
		{44C3D44B-1265-4284-9866-7D94AFB3388C}.Release|Any CPU.Build.0 = Release|Any CPU
		{3677E949-60DD-48F1-8F66-B32629BD2E92}.Debug|Any CPU.ActiveCfg = Debug|Any CPU
		{3677E949-60DD-48F1-8F66-B32629BD2E92}.Debug|Any CPU.Build.0 = Debug|Any CPU
		{3677E949-60DD-48F1-8F66-B32629BD2E92}.Release|Any CPU.ActiveCfg = Release|Any CPU
		{3677E949-60DD-48F1-8F66-B32629BD2E92}.Release|Any CPU.Build.0 = Release|Any CPU
		{461E4EB0-2192-42B3-B9E5-F3CAB25CDCD0}.Debug|Any CPU.ActiveCfg = Debug|Any CPU
		{461E4EB0-2192-42B3-B9E5-F3CAB25CDCD0}.Debug|Any CPU.Build.0 = Debug|Any CPU
		{461E4EB0-2192-42B3-B9E5-F3CAB25CDCD0}.Release|Any CPU.ActiveCfg = Release|Any CPU
		{461E4EB0-2192-42B3-B9E5-F3CAB25CDCD0}.Release|Any CPU.Build.0 = Release|Any CPU
		{5D317F58-F9F7-4774-8928-FC96B05C83F1}.Debug|Any CPU.ActiveCfg = Debug|Any CPU
		{5D317F58-F9F7-4774-8928-FC96B05C83F1}.Debug|Any CPU.Build.0 = Debug|Any CPU
		{5D317F58-F9F7-4774-8928-FC96B05C83F1}.Release|Any CPU.ActiveCfg = Release|Any CPU
		{5D317F58-F9F7-4774-8928-FC96B05C83F1}.Release|Any CPU.Build.0 = Release|Any CPU
	EndGlobalSection
	GlobalSection(SolutionProperties) = preSolution
		HideSolutionNode = FALSE
	EndGlobalSection
	GlobalSection(NestedProjects) = preSolution
		{E3996C28-D889-4B2B-886E-0054AC34B2DA} = {AF679C0E-C4F6-4E0C-8154-8F49C88F3C11}
		{3ACADC37-1A50-4190-9CB7-39913D48D466} = {AF679C0E-C4F6-4E0C-8154-8F49C88F3C11}
		{DC4F9EED-9D5D-4C85-B788-AE205D417AEE} = {AF679C0E-C4F6-4E0C-8154-8F49C88F3C11}
		{5A662828-DAC1-4C47-9561-C6BECCF9B56B} = {AF679C0E-C4F6-4E0C-8154-8F49C88F3C11}
		{44C3D44B-1265-4284-9866-7D94AFB3388C} = {AF679C0E-C4F6-4E0C-8154-8F49C88F3C11}
		{3677E949-60DD-48F1-8F66-B32629BD2E92} = {0C65DCEA-8732-4936-A180-92B1D9E5741C}
		{461E4EB0-2192-42B3-B9E5-F3CAB25CDCD0} = {0C65DCEA-8732-4936-A180-92B1D9E5741C}
		{5D317F58-F9F7-4774-8928-FC96B05C83F1} = {0C65DCEA-8732-4936-A180-92B1D9E5741C}
	EndGlobalSection
	GlobalSection(ExtensibilityGlobals) = postSolution
		SolutionGuid = {716E8460-B431-4869-9BEA-0913E7CEDD48}
	EndGlobalSection
EndGlobal
